
Microsoft Visual Studio Solution File, Format Version 12.00
# Visual Studio Version 16
VisualStudioVersion = 16.0.28407.52
MinimumVisualStudioVersion = 10.0.40219.1
Project("{FAE04EC0-301F-11D3-BF4B-00C04F79EFBC}") = "SDRSharp.UDPAudio", "SDRSharp.UDPAudio\SDRSharp.UDPAudio.csproj", "{0B7A7C9D-6F70-49D8-A5D9-B63056876229}"
EndProject
Project("{2150E333-8FDC-42A3-9474-1A3956D46DE8}") = "Solution Items", "Solution Items", "{E152593A-BBA3-4EEC-9196-20D4BC1FC9F5}"
	ProjectSection(SolutionItems) = preProject
		.travis.yml = .travis.yml
		CHANGELOG.md = CHANGELOG.md
		LICENSE = LICENSE
		README.md = README.md
	EndProjectSection
EndProject
Global
	GlobalSection(SolutionConfigurationPlatforms) = preSolution
		Debug|Any CPU = Debug|Any CPU
		Debug|x86 = Debug|x86
		Release|Any CPU = Release|Any CPU
		Release|x86 = Release|x86
	EndGlobalSection
	GlobalSection(ProjectConfigurationPlatforms) = postSolution
		{0B7A7C9D-6F70-49D8-A5D9-B63056876229}.Debug|Any CPU.ActiveCfg = Debug|Any CPU
		{0B7A7C9D-6F70-49D8-A5D9-B63056876229}.Debug|Any CPU.Build.0 = Debug|Any CPU
		{0B7A7C9D-6F70-49D8-A5D9-B63056876229}.Debug|x86.ActiveCfg = Debug|Any CPU
		{0B7A7C9D-6F70-49D8-A5D9-B63056876229}.Debug|x86.Build.0 = Debug|Any CPU
		{0B7A7C9D-6F70-49D8-A5D9-B63056876229}.Release|Any CPU.ActiveCfg = Release|Any CPU
		{0B7A7C9D-6F70-49D8-A5D9-B63056876229}.Release|Any CPU.Build.0 = Release|Any CPU
		{0B7A7C9D-6F70-49D8-A5D9-B63056876229}.Release|x86.ActiveCfg = Release|Any CPU
		{0B7A7C9D-6F70-49D8-A5D9-B63056876229}.Release|x86.Build.0 = Release|Any CPU
	EndGlobalSection
	GlobalSection(SolutionProperties) = preSolution
		HideSolutionNode = FALSE
	EndGlobalSection
	GlobalSection(ExtensibilityGlobals) = postSolution
		SolutionGuid = {0756CF4E-8F46-49AD-B164-81AFB3A21464}
	EndGlobalSection
EndGlobal
